// !$*UTF8*$!
{
	archiveVersion = 1;
	classes = {
	};
	objectVersion = 46;
	objects = {

/* Begin PBXBuildFile section */
		84A564B81E8C673900D439CA /* AppDelegate.swift in Sources */ = {isa = PBXBuildFile; fileRef = 84A564B71E8C673900D439CA /* AppDelegate.swift */; };
		84A564BA1E8C673900D439CA /* ViewController.swift in Sources */ = {isa = PBXBuildFile; fileRef = 84A564B91E8C673900D439CA /* ViewController.swift */; };
		84A564BD1E8C673900D439CA /* Main.storyboard in Resources */ = {isa = PBXBuildFile; fileRef = 84A564BB1E8C673900D439CA /* Main.storyboard */; };
		84A564BF1E8C673900D439CA /* Assets.xcassets in Resources */ = {isa = PBXBuildFile; fileRef = 84A564BE1E8C673900D439CA /* Assets.xcassets */; };
		84A564C21E8C673900D439CA /* LaunchScreen.storyboard in Resources */ = {isa = PBXBuildFile; fileRef = 84A564C01E8C673900D439CA /* LaunchScreen.storyboard */; };
		84A564CA1E8C69FB00D439CA /* MapViewController.swift in Sources */ = {isa = PBXBuildFile; fileRef = 84A564C91E8C69FB00D439CA /* MapViewController.swift */; };
		84A564CC1E8C747900D439CA /* AllCategoriesTableViewController.swift in Sources */ = {isa = PBXBuildFile; fileRef = 84A564CB1E8C747900D439CA /* AllCategoriesTableViewController.swift */; };
		84A564CE1E8C791500D439CA /* ItemDetailViewController.swift in Sources */ = {isa = PBXBuildFile; fileRef = 84A564CD1E8C791500D439CA /* ItemDetailViewController.swift */; };
		84A564D11E8C865400D439CA /* Creature.swift in Sources */ = {isa = PBXBuildFile; fileRef = 84A564D01E8C865400D439CA /* Creature.swift */; };
		84A564D31E8F20D400D439CA /* SubCategoriesTableViewController.swift in Sources */ = {isa = PBXBuildFile; fileRef = 84A564D21E8F20D400D439CA /* SubCategoriesTableViewController.swift */; };
		84A564D71E8F22AF00D439CA /* Model.xcdatamodeld in Sources */ = {isa = PBXBuildFile; fileRef = 84A564D51E8F22AF00D439CA /* Model.xcdatamodeld */; };
		84A564E21E8F255700D439CA /* CD_Creature+CoreDataClass.swift in Sources */ = {isa = PBXBuildFile; fileRef = 84A564E01E8F255700D439CA /* CD_Creature+CoreDataClass.swift */; };
		84A564E71E8F27FC00D439CA /* CD_Creature+CoreDataProperties.swift in Sources */ = {isa = PBXBuildFile; fileRef = 84A564E61E8F27FC00D439CA /* CD_Creature+CoreDataProperties.swift */; };
		84A564E91E8F374900D439CA /* DataModel.swift in Sources */ = {isa = PBXBuildFile; fileRef = 84A564E81E8F374900D439CA /* DataModel.swift */; };
/* End PBXBuildFile section */

/* Begin PBXFileReference section */
		84A564B41E8C673900D439CA /* AmazingNature.app */ = {isa = PBXFileReference; explicitFileType = wrapper.application; includeInIndex = 0; path = AmazingNature.app; sourceTree = BUILT_PRODUCTS_DIR; };
		84A564B71E8C673900D439CA /* AppDelegate.swift */ = {isa = PBXFileReference; lastKnownFileType = sourcecode.swift; path = AppDelegate.swift; sourceTree = "<group>"; };
		84A564B91E8C673900D439CA /* ViewController.swift */ = {isa = PBXFileReference; lastKnownFileType = sourcecode.swift; path = ViewController.swift; sourceTree = "<group>"; };
		84A564BC1E8C673900D439CA /* Base */ = {isa = PBXFileReference; lastKnownFileType = file.storyboard; name = Base; path = Base.lproj/Main.storyboard; sourceTree = "<group>"; };
		84A564BE1E8C673900D439CA /* Assets.xcassets */ = {isa = PBXFileReference; lastKnownFileType = folder.assetcatalog; path = Assets.xcassets; sourceTree = "<group>"; };
		84A564C11E8C673900D439CA /* Base */ = {isa = PBXFileReference; lastKnownFileType = file.storyboard; name = Base; path = Base.lproj/LaunchScreen.storyboard; sourceTree = "<group>"; };
		84A564C31E8C673900D439CA /* Info.plist */ = {isa = PBXFileReference; lastKnownFileType = text.plist.xml; path = Info.plist; sourceTree = "<group>"; };
		84A564C91E8C69FB00D439CA /* MapViewController.swift */ = {isa = PBXFileReference; fileEncoding = 4; lastKnownFileType = sourcecode.swift; path = MapViewController.swift; sourceTree = "<group>"; };
		84A564CB1E8C747900D439CA /* AllCategoriesTableViewController.swift */ = {isa = PBXFileReference; fileEncoding = 4; lastKnownFileType = sourcecode.swift; path = AllCategoriesTableViewController.swift; sourceTree = "<group>"; };
		84A564CD1E8C791500D439CA /* ItemDetailViewController.swift */ = {isa = PBXFileReference; fileEncoding = 4; lastKnownFileType = sourcecode.swift; path = ItemDetailViewController.swift; sourceTree = "<group>"; };
		84A564D01E8C865400D439CA /* Creature.swift */ = {isa = PBXFileReference; fileEncoding = 4; lastKnownFileType = sourcecode.swift; path = Creature.swift; sourceTree = "<group>"; };
		84A564D21E8F20D400D439CA /* SubCategoriesTableViewController.swift */ = {isa = PBXFileReference; fileEncoding = 4; lastKnownFileType = sourcecode.swift; path = SubCategoriesTableViewController.swift; sourceTree = "<group>"; };
		84A564D61E8F22AF00D439CA /* Model.xcdatamodel */ = {isa = PBXFileReference; lastKnownFileType = wrapper.xcdatamodel; path = Model.xcdatamodel; sourceTree = "<group>"; };
		84A564E01E8F255700D439CA /* CD_Creature+CoreDataClass.swift */ = {isa = PBXFileReference; fileEncoding = 4; lastKnownFileType = sourcecode.swift; path = "CD_Creature+CoreDataClass.swift"; sourceTree = "<group>"; };
		84A564E61E8F27FC00D439CA /* CD_Creature+CoreDataProperties.swift */ = {isa = PBXFileReference; fileEncoding = 4; lastKnownFileType = sourcecode.swift; path = "CD_Creature+CoreDataProperties.swift"; sourceTree = "<group>"; };
		84A564E81E8F374900D439CA /* DataModel.swift */ = {isa = PBXFileReference; fileEncoding = 4; lastKnownFileType = sourcecode.swift; path = DataModel.swift; sourceTree = "<group>"; };
/* End PBXFileReference section */

/* Begin PBXFrameworksBuildPhase section */
		84A564B11E8C673900D439CA /* Frameworks */ = {
			isa = PBXFrameworksBuildPhase;
			buildActionMask = 2147483647;
			files = (
			);
			runOnlyForDeploymentPostprocessing = 0;
		};
/* End PBXFrameworksBuildPhase section */

/* Begin PBXGroup section */
		84A564AB1E8C673900D439CA = {
			isa = PBXGroup;
			children = (
				84A564B61E8C673900D439CA /* AmazingNature */,
				84A564B51E8C673900D439CA /* Products */,
			);
			sourceTree = "<group>";
		};
		84A564B51E8C673900D439CA /* Products */ = {
			isa = PBXGroup;
			children = (
				84A564B41E8C673900D439CA /* AmazingNature.app */,
			);
			name = Products;
			sourceTree = "<group>";
		};
		84A564B61E8C673900D439CA /* AmazingNature */ = {
			isa = PBXGroup;
			children = (
				84A564D41E8F21D700D439CA /* Models */,
				84A564B71E8C673900D439CA /* AppDelegate.swift */,
				84A564CF1E8C85ED00D439CA /* View Controllers */,
				84A564BB1E8C673900D439CA /* Main.storyboard */,
				84A564BE1E8C673900D439CA /* Assets.xcassets */,
				84A564C01E8C673900D439CA /* LaunchScreen.storyboard */,
				84A564C31E8C673900D439CA /* Info.plist */,
			);
			path = AmazingNature;
			sourceTree = "<group>";
		};
		84A564CF1E8C85ED00D439CA /* View Controllers */ = {
			isa = PBXGroup;
			children = (
				84A564CD1E8C791500D439CA /* ItemDetailViewController.swift */,
				84A564B91E8C673900D439CA /* ViewController.swift */,
				84A564CB1E8C747900D439CA /* AllCategoriesTableViewController.swift */,
				84A564C91E8C69FB00D439CA /* MapViewController.swift */,
				84A564D21E8F20D400D439CA /* SubCategoriesTableViewController.swift */,
			);
			name = "View Controllers";
			sourceTree = "<group>";
		};
		84A564D41E8F21D700D439CA /* Models */ = {
			isa = PBXGroup;
			children = (
				84A564D51E8F22AF00D439CA /* Model.xcdatamodeld */,
				84A564E61E8F27FC00D439CA /* CD_Creature+CoreDataProperties.swift */,
				84A564E01E8F255700D439CA /* CD_Creature+CoreDataClass.swift */,
				84A564D01E8C865400D439CA /* Creature.swift */,
				84A564E81E8F374900D439CA /* DataModel.swift */,
			);
			name = Models;
			sourceTree = "<group>";
		};
/* End PBXGroup section */

/* Begin PBXNativeTarget section */
		84A564B31E8C673900D439CA /* AmazingNature */ = {
			isa = PBXNativeTarget;
			buildConfigurationList = 84A564C61E8C673900D439CA /* Build configuration list for PBXNativeTarget "AmazingNature" */;
			buildPhases = (
				84A564B01E8C673900D439CA /* Sources */,
				84A564B11E8C673900D439CA /* Frameworks */,
				84A564B21E8C673900D439CA /* Resources */,
			);
			buildRules = (
			);
			dependencies = (
			);
			name = AmazingNature;
			productName = AmazingNature;
			productReference = 84A564B41E8C673900D439CA /* AmazingNature.app */;
			productType = "com.apple.product-type.application";
		};
/* End PBXNativeTarget section */

/* Begin PBXProject section */
		84A564AC1E8C673900D439CA /* Project object */ = {
			isa = PBXProject;
			attributes = {
				LastSwiftUpdateCheck = 0810;
				LastUpgradeCheck = 0810;
				ORGANIZATIONNAME = "Michael Aubie";
				TargetAttributes = {
					84A564B31E8C673900D439CA = {
						CreatedOnToolsVersion = 8.1;
						ProvisioningStyle = Automatic;
					};
				};
			};
			buildConfigurationList = 84A564AF1E8C673900D439CA /* Build configuration list for PBXProject "AmazingNature" */;
			compatibilityVersion = "Xcode 3.2";
			developmentRegion = English;
			hasScannedForEncodings = 0;
			knownRegions = (
				en,
				Base,
			);
			mainGroup = 84A564AB1E8C673900D439CA;
			productRefGroup = 84A564B51E8C673900D439CA /* Products */;
			projectDirPath = "";
			projectRoot = "";
			targets = (
				84A564B31E8C673900D439CA /* AmazingNature */,
			);
		};
/* End PBXProject section */

/* Begin PBXResourcesBuildPhase section */
		84A564B21E8C673900D439CA /* Resources */ = {
			isa = PBXResourcesBuildPhase;
			buildActionMask = 2147483647;
			files = (
				84A564C21E8C673900D439CA /* LaunchScreen.storyboard in Resources */,
				84A564BF1E8C673900D439CA /* Assets.xcassets in Resources */,
				84A564BD1E8C673900D439CA /* Main.storyboard in Resources */,
			);
			runOnlyForDeploymentPostprocessing = 0;
		};
/* End PBXResourcesBuildPhase section */

/* Begin PBXSourcesBuildPhase section */
		84A564B01E8C673900D439CA /* Sources */ = {
			isa = PBXSourcesBuildPhase;
			buildActionMask = 2147483647;
			files = (
				84A564CE1E8C791500D439CA /* ItemDetailViewController.swift in Sources */,
				84A564D31E8F20D400D439CA /* SubCategoriesTableViewController.swift in Sources */,
				84A564E91E8F374900D439CA /* DataModel.swift in Sources */,
				84A564BA1E8C673900D439CA /* ViewController.swift in Sources */,
				84A564D71E8F22AF00D439CA /* Model.xcdatamodeld in Sources */,
				84A564D11E8C865400D439CA /* Creature.swift in Sources */,
				84A564CA1E8C69FB00D439CA /* MapViewController.swift in Sources */,
				84A564B81E8C673900D439CA /* AppDelegate.swift in Sources */,
				84A564E71E8F27FC00D439CA /* CD_Creature+CoreDataProperties.swift in Sources */,
				84A564E21E8F255700D439CA /* CD_Creature+CoreDataClass.swift in Sources */,
				84A564CC1E8C747900D439CA /* AllCategoriesTableViewController.swift in Sources */,
			);
			runOnlyForDeploymentPostprocessing = 0;
		};
/* End PBXSourcesBuildPhase section */

/* Begin PBXVariantGroup section */
		84A564BB1E8C673900D439CA /* Main.storyboard */ = {
			isa = PBXVariantGroup;
			children = (
				84A564BC1E8C673900D439CA /* Base */,
			);
			name = Main.storyboard;
			sourceTree = "<group>";
		};
		84A564C01E8C673900D439CA /* LaunchScreen.storyboard */ = {
			isa = PBXVariantGroup;
			children = (
				84A564C11E8C673900D439CA /* Base */,
			);
			name = LaunchScreen.storyboard;
			sourceTree = "<group>";
		};
/* End PBXVariantGroup section */

/* Begin XCBuildConfiguration section */
		84A564C41E8C673900D439CA /* Debug */ = {
			isa = XCBuildConfiguration;
			buildSettings = {
				ALWAYS_SEARCH_USER_PATHS = NO;
				CLANG_ANALYZER_NONNULL = YES;
				CLANG_CXX_LANGUAGE_STANDARD = "gnu++0x";
				CLANG_CXX_LIBRARY = "libc++";
				CLANG_ENABLE_MODULES = YES;
				CLANG_ENABLE_OBJC_ARC = YES;
				CLANG_WARN_BOOL_CONVERSION = YES;
				CLANG_WARN_CONSTANT_CONVERSION = YES;
				CLANG_WARN_DIRECT_OBJC_ISA_USAGE = YES_ERROR;
				CLANG_WARN_DOCUMENTATION_COMMENTS = YES;
				CLANG_WARN_EMPTY_BODY = YES;
				CLANG_WARN_ENUM_CONVERSION = YES;
				CLANG_WARN_INFINITE_RECURSION = YES;
				CLANG_WARN_INT_CONVERSION = YES;
				CLANG_WARN_OBJC_ROOT_CLASS = YES_ERROR;
				CLANG_WARN_SUSPICIOUS_MOVES = YES;
				CLANG_WARN_UNREACHABLE_CODE = YES;
				CLANG_WARN__DUPLICATE_METHOD_MATCH = YES;
				"CODE_SIGN_IDENTITY[sdk=iphoneos*]" = "iPhone Developer";
				COPY_PHASE_STRIP = NO;
				DEBUG_INFORMATION_FORMAT = dwarf;
				ENABLE_STRICT_OBJC_MSGSEND = YES;
				ENABLE_TESTABILITY = YES;
				GCC_C_LANGUAGE_STANDARD = gnu99;
				GCC_DYNAMIC_NO_PIC = NO;
				GCC_NO_COMMON_BLOCKS = YES;
				GCC_OPTIMIZATION_LEVEL = 0;
				GCC_PREPROCESSOR_DEFINITIONS = (
					"DEBUG=1",
					"$(inherited)",
				);
				GCC_WARN_64_TO_32_BIT_CONVERSION = YES;
				GCC_WARN_ABOUT_RETURN_TYPE = YES_ERROR;
				GCC_WARN_UNDECLARED_SELECTOR = YES;
				GCC_WARN_UNINITIALIZED_AUTOS = YES_AGGRESSIVE;
				GCC_WARN_UNUSED_FUNCTION = YES;
				GCC_WARN_UNUSED_VARIABLE = YES;
				IPHONEOS_DEPLOYMENT_TARGET = 10.1;
				MTL_ENABLE_DEBUG_INFO = YES;
				ONLY_ACTIVE_ARCH = YES;
				SDKROOT = iphoneos;
				SWIFT_ACTIVE_COMPILATION_CONDITIONS = DEBUG;
				SWIFT_OPTIMIZATION_LEVEL = "-Onone";
				TARGETED_DEVICE_FAMILY = "1,2";
			};
			name = Debug;
		};
		84A564C51E8C673900D439CA /* Release */ = {
			isa = XCBuildConfiguration;
			buildSettings = {
				ALWAYS_SEARCH_USER_PATHS = NO;
				CLANG_ANALYZER_NONNULL = YES;
				CLANG_CXX_LANGUAGE_STANDARD = "gnu++0x";
				CLANG_CXX_LIBRARY = "libc++";
				CLANG_ENABLE_MODULES = YES;
				CLANG_ENABLE_OBJC_ARC = YES;
				CLANG_WARN_BOOL_CONVERSION = YES;
				CLANG_WARN_CONSTANT_CONVERSION = YES;
				CLANG_WARN_DIRECT_OBJC_ISA_USAGE = YES_ERROR;
				CLANG_WARN_DOCUMENTATION_COMMENTS = YES;
				CLANG_WARN_EMPTY_BODY = YES;
				CLANG_WARN_ENUM_CONVERSION = YES;
				CLANG_WARN_INFINITE_RECURSION = YES;
				CLANG_WARN_INT_CONVERSION = YES;
				CLANG_WARN_OBJC_ROOT_CLASS = YES_ERROR;
				CLANG_WARN_SUSPICIOUS_MOVES = YES;
				CLANG_WARN_UNREACHABLE_CODE = YES;
				CLANG_WARN__DUPLICATE_METHOD_MATCH = YES;
				"CODE_SIGN_IDENTITY[sdk=iphoneos*]" = "iPhone Developer";
				COPY_PHASE_STRIP = NO;
				DEBUG_INFORMATION_FORMAT = "dwarf-with-dsym";
				ENABLE_NS_ASSERTIONS = NO;
				ENABLE_STRICT_OBJC_MSGSEND = YES;
				GCC_C_LANGUAGE_STANDARD = gnu99;
				GCC_NO_COMMON_BLOCKS = YES;
				GCC_WARN_64_TO_32_BIT_CONVERSION = YES;
				GCC_WARN_ABOUT_RETURN_TYPE = YES_ERROR;
				GCC_WARN_UNDECLARED_SELECTOR = YES;
				GCC_WARN_UNINITIALIZED_AUTOS = YES_AGGRESSIVE;
				GCC_WARN_UNUSED_FUNCTION = YES;
				GCC_WARN_UNUSED_VARIABLE = YES;
				IPHONEOS_DEPLOYMENT_TARGET = 10.1;
				MTL_ENABLE_DEBUG_INFO = NO;
				SDKROOT = iphoneos;
				SWIFT_OPTIMIZATION_LEVEL = "-Owholemodule";
				TARGETED_DEVICE_FAMILY = "1,2";
				VALIDATE_PRODUCT = YES;
			};
			name = Release;
		};
		84A564C71E8C673900D439CA /* Debug */ = {
			isa = XCBuildConfiguration;
			buildSettings = {
				ASSETCATALOG_COMPILER_APPICON_NAME = AppIcon;
				INFOPLIST_FILE = AmazingNature/Info.plist;
				LD_RUNPATH_SEARCH_PATHS = "$(inherited) @executable_path/Frameworks";
				PRODUCT_BUNDLE_IDENTIFIER = nic.AmazingNature;
				PRODUCT_NAME = "$(TARGET_NAME)";
				SWIFT_VERSION = 3.0;
			};
			name = Debug;
		};
		84A564C81E8C673900D439CA /* Release */ = {
			isa = XCBuildConfiguration;
			buildSettings = {
				ASSETCATALOG_COMPILER_APPICON_NAME = AppIcon;
				INFOPLIST_FILE = AmazingNature/Info.plist;
				LD_RUNPATH_SEARCH_PATHS = "$(inherited) @executable_path/Frameworks";
				PRODUCT_BUNDLE_IDENTIFIER = nic.AmazingNature;
				PRODUCT_NAME = "$(TARGET_NAME)";
				SWIFT_VERSION = 3.0;
			};
			name = Release;
		};
/* End XCBuildConfiguration section */

/* Begin XCConfigurationList section */
		84A564AF1E8C673900D439CA /* Build configuration list for PBXProject "AmazingNature" */ = {
			isa = XCConfigurationList;
			buildConfigurations = (
				84A564C41E8C673900D439CA /* Debug */,
				84A564C51E8C673900D439CA /* Release */,
			);
			defaultConfigurationIsVisible = 0;
			defaultConfigurationName = Release;
		};
		84A564C61E8C673900D439CA /* Build configuration list for PBXNativeTarget "AmazingNature" */ = {
			isa = XCConfigurationList;
			buildConfigurations = (
				84A564C71E8C673900D439CA /* Debug */,
				84A564C81E8C673900D439CA /* Release */,
			);
			defaultConfigurationIsVisible = 0;
		};
/* End XCConfigurationList section */

/* Begin XCVersionGroup section */
		84A564D51E8F22AF00D439CA /* Model.xcdatamodeld */ = {
			isa = XCVersionGroup;
			children = (
				84A564D61E8F22AF00D439CA /* Model.xcdatamodel */,
			);
			currentVersion = 84A564D61E8F22AF00D439CA /* Model.xcdatamodel */;
			path = Model.xcdatamodeld;
			sourceTree = "<group>";
			versionGroupType = wrapper.xcdatamodel;
		};
/* End XCVersionGroup section */
	};
	rootObject = 84A564AC1E8C673900D439CA /* Project object */;
}
